# This file is generated by running "yarn install" inside your project.
# Manual changes might be lost - proceed with caution!

__metadata:
  version: 6
  cacheKey: 8

"express@npm:^4.18.0":
  version: 4.18.2
  resolution: "express@npm:4.18.2"
  dependencies:
    accepts: "npm:~1.3.8"
    array-flatten: "npm:1.1.1"
    body-parser: "npm:1.20.1"
    content-disposition: "npm:0.5.4"
    content-type: "npm:~1.0.4"
    cookie: "npm:0.5.0"
    cookie-signature: "npm:1.0.6"
    debug: "npm:2.6.9"
    depd: "npm:2.0.0"
    encodeurl: "npm:~1.0.2"
    escape-html: "npm:~1.0.3"
    etag: "npm:~1.8.1"
    finalhandler: "npm:1.2.0"
    fresh: "npm:0.5.2"
    http-errors: "npm:2.0.0"
    merge-descriptors: "npm:1.0.1"
    methods: "npm:~1.1.2"
    on-finished: "npm:2.4.1"
    parseurl: "npm:~1.3.3"
    path-to-regexp: "npm:0.1.7"
    proxy-addr: "npm:~2.0.7"
    qs: "npm:6.11.0"
    range-parser: "npm:~1.2.1"
    safe-buffer: "npm:5.2.1"
    send: "npm:0.18.0"
    serve-static: "npm:1.15.0"
    setprototypeof: "npm:1.2.0"
    statuses: "npm:2.0.1"
    type-is: "npm:~1.6.18"
    utils-merge: "npm:1.0.1"
    vary: "npm:~1.1.2"
  checksum: 8d6e8b4a2d6d4e6e8b4a2d6d4e6e8b4a2d6d4e6e8b4a2d6d4e6e8b4a2d6d4e6e8b4a2d6d4e6e8b4a2d6d4e6e
  languageName: node
  linkType: hard 